
Microsoft Visual Studio Solution File, Format Version 12.00
# Visual Studio 15
VisualStudioVersion = 15.0.26228.10
MinimumVisualStudioVersion = 10.0.40219.1
Project("{FAE04EC0-301F-11D3-BF4B-00C04F79EFBC}") = "SuperAdventure", "SuperAdventure\SuperAdventure.csproj", "{B36B9A12-0991-4D50-B40C-0E7078D3D0A0}"
EndProject
Project("{FAE04EC0-301F-11D3-BF4B-00C04F79EFBC}") = "Engine", "Engine\Engine.csproj", "{768C0FE6-A020-459A-99AA-A9E8ABF5D0B5}"
EndProject
Project("{00D1A9C2-B5F0-4AF3-8072-F6C62B433612}") = "SuperAdventureDB", "SuperAdventureDB\SuperAdventureDB.sqlproj", "{69F5C5F9-B5D5-4CCA-B6D6-4BF13DC5418B}"
EndProject
Global
	GlobalSection(SolutionConfigurationPlatforms) = preSolution
		Debug|Any CPU = Debug|Any CPU
		Release|Any CPU = Release|Any CPU
	EndGlobalSection
	GlobalSection(ProjectConfigurationPlatforms) = postSolution
		{B36B9A12-0991-4D50-B40C-0E7078D3D0A0}.Debug|Any CPU.ActiveCfg = Debug|Any CPU
		{B36B9A12-0991-4D50-B40C-0E7078D3D0A0}.Debug|Any CPU.Build.0 = Debug|Any CPU
		{B36B9A12-0991-4D50-B40C-0E7078D3D0A0}.Release|Any CPU.ActiveCfg = Release|Any CPU
		{B36B9A12-0991-4D50-B40C-0E7078D3D0A0}.Release|Any CPU.Build.0 = Release|Any CPU
		{768C0FE6-A020-459A-99AA-A9E8ABF5D0B5}.Debug|Any CPU.ActiveCfg = Debug|Any CPU
		{768C0FE6-A020-459A-99AA-A9E8ABF5D0B5}.Debug|Any CPU.Build.0 = Debug|Any CPU
		{768C0FE6-A020-459A-99AA-A9E8ABF5D0B5}.Release|Any CPU.ActiveCfg = Release|Any CPU
		{768C0FE6-A020-459A-99AA-A9E8ABF5D0B5}.Release|Any CPU.Build.0 = Release|Any CPU
		{69F5C5F9-B5D5-4CCA-B6D6-4BF13DC5418B}.Debug|Any CPU.ActiveCfg = Debug|Any CPU
		{69F5C5F9-B5D5-4CCA-B6D6-4BF13DC5418B}.Debug|Any CPU.Build.0 = Debug|Any CPU
		{69F5C5F9-B5D5-4CCA-B6D6-4BF13DC5418B}.Debug|Any CPU.Deploy.0 = Debug|Any CPU
		{69F5C5F9-B5D5-4CCA-B6D6-4BF13DC5418B}.Release|Any CPU.ActiveCfg = Release|Any CPU
		{69F5C5F9-B5D5-4CCA-B6D6-4BF13DC5418B}.Release|Any CPU.Build.0 = Release|Any CPU
		{69F5C5F9-B5D5-4CCA-B6D6-4BF13DC5418B}.Release|Any CPU.Deploy.0 = Release|Any CPU
	EndGlobalSection
	GlobalSection(SolutionProperties) = preSolution
		HideSolutionNode = FALSE
	EndGlobalSection
EndGlobal
